
Microsoft Visual Studio Solution File, Format Version 11.00
# Visual Studio 2010
Project("{FAE04EC0-301F-11D3-BF4B-00C04F79EFBC}") = "tabblesPluginDirectoryScan", "tabblesPluginDirectoryScan\tabblesPluginDirectoryScan.csproj", "{DCAF87BB-846C-4B34-8847-EDA637975978}"
EndProject
Global
	GlobalSection(SolutionConfigurationPlatforms) = preSolution
		Debug|Any CPU = Debug|Any CPU
		Release|Any CPU = Release|Any CPU
	EndGlobalSection
	GlobalSection(ProjectConfigurationPlatforms) = postSolution
		{DCAF87BB-846C-4B34-8847-EDA637975978}.Debug|Any CPU.ActiveCfg = Debug|Any CPU
		{DCAF87BB-846C-4B34-8847-EDA637975978}.Debug|Any CPU.Build.0 = Debug|Any CPU
		{DCAF87BB-846C-4B34-8847-EDA637975978}.Release|Any CPU.ActiveCfg = Release|Any CPU
		{DCAF87BB-846C-4B34-8847-EDA637975978}.Release|Any CPU.Build.0 = Release|Any CPU
	EndGlobalSection
	GlobalSection(SolutionProperties) = preSolution
		HideSolutionNode = FALSE
	EndGlobalSection
EndGlobal
